
Microsoft Visual Studio Solution File, Format Version 12.00
# Visual Studio Version 17
VisualStudioVersion = 17.14.35906.104 d17.14
MinimumVisualStudioVersion = 10.0.40219.1
Project("{FAE04EC0-301F-11D3-BF4B-00C04F79EFBC}") = "VocabularyApp", "VocabularyApp\VocabularyApp.csproj", "{0CAECFA6-EBDB-4F75-A23D-05DC68A14AF1}"
EndProject
Global
	GlobalSection(SolutionConfigurationPlatforms) = preSolution
		Debug|Any CPU = Debug|Any CPU
		Release|Any CPU = Release|Any CPU
	EndGlobalSection
	GlobalSection(ProjectConfigurationPlatforms) = postSolution
		{0CAECFA6-EBDB-4F75-A23D-05DC68A14AF1}.Debug|Any CPU.ActiveCfg = Debug|Any CPU
		{0CAECFA6-EBDB-4F75-A23D-05DC68A14AF1}.Debug|Any CPU.Build.0 = Debug|Any CPU
		{0CAECFA6-EBDB-4F75-A23D-05DC68A14AF1}.Release|Any CPU.ActiveCfg = Release|Any CPU
		{0CAECFA6-EBDB-4F75-A23D-05DC68A14AF1}.Release|Any CPU.Build.0 = Release|Any CPU
	EndGlobalSection
	GlobalSection(SolutionProperties) = preSolution
		HideSolutionNode = FALSE
	EndGlobalSection
	GlobalSection(ExtensibilityGlobals) = postSolution
		SolutionGuid = {FCEE5C77-7548-44FE-AD6E-4287C198B477}
	EndGlobalSection
EndGlobal
